// !$*UTF8*$!
{
	archiveVersion = 1;
	classes = {
	};
	objectVersion = 50;
	objects = {

/* Begin PBXBuildFile section */
		E249246721ECC90000DD3FCB /* AppDelegate.swift in Sources */ = {isa = PBXBuildFile; fileRef = E249246621ECC90000DD3FCB /* AppDelegate.swift */; };
		E249246921ECC90000DD3FCB /* ViewController.swift in Sources */ = {isa = PBXBuildFile; fileRef = E249246821ECC90000DD3FCB /* ViewController.swift */; };
		E249246C21ECC90000DD3FCB /* Main.storyboard in Resources */ = {isa = PBXBuildFile; fileRef = E249246A21ECC90000DD3FCB /* Main.storyboard */; };
		E249246E21ECC90200DD3FCB /* Assets.xcassets in Resources */ = {isa = PBXBuildFile; fileRef = E249246D21ECC90200DD3FCB /* Assets.xcassets */; };
		E249247121ECC90200DD3FCB /* LaunchScreen.storyboard in Resources */ = {isa = PBXBuildFile; fileRef = E249246F21ECC90200DD3FCB /* LaunchScreen.storyboard */; };
		E249247C21ECC90200DD3FCB /* KotlinIOSTests.swift in Sources */ = {isa = PBXBuildFile; fileRef = E249247B21ECC90200DD3FCB /* KotlinIOSTests.swift */; };
		E249248721ECC90200DD3FCB /* KotlinIOSUITests.swift in Sources */ = {isa = PBXBuildFile; fileRef = E249248621ECC90200DD3FCB /* KotlinIOSUITests.swift */; };
		E249249B21ECD7AC00DD3FCB /* SharedCode.framework in Frameworks */ = {isa = PBXBuildFile; fileRef = E249249A21ECD7AB00DD3FCB /* SharedCode.framework */; };
		E249249C21ECD7AC00DD3FCB /* SharedCode.framework in Embed Frameworks */ = {isa = PBXBuildFile; fileRef = E249249A21ECD7AB00DD3FCB /* SharedCode.framework */; settings = {ATTRIBUTES = (CodeSignOnCopy, RemoveHeadersOnCopy, ); }; };
/* End PBXBuildFile section */

/* Begin PBXContainerItemProxy section */
		E249247821ECC90200DD3FCB /* PBXContainerItemProxy */ = {
			isa = PBXContainerItemProxy;
			containerPortal = E249245B21ECC90000DD3FCB /* Project object */;
			proxyType = 1;
			remoteGlobalIDString = E249246221ECC90000DD3FCB;
			remoteInfo = KotlinIOS;
		};
		E249248321ECC90200DD3FCB /* PBXContainerItemProxy */ = {
			isa = PBXContainerItemProxy;
			containerPortal = E249245B21ECC90000DD3FCB /* Project object */;
			proxyType = 1;
			remoteGlobalIDString = E249246221ECC90000DD3FCB;
			remoteInfo = KotlinIOS;
		};
/* End PBXContainerItemProxy section */

/* Begin PBXCopyFilesBuildPhase section */
		E249249821ECD5A700DD3FCB /* Embed Frameworks */ = {
			isa = PBXCopyFilesBuildPhase;
			buildActionMask = 2147483647;
			dstPath = "";
			dstSubfolderSpec = 10;
			files = (
				E249249C21ECD7AC00DD3FCB /* SharedCode.framework in Embed Frameworks */,
			);
			name = "Embed Frameworks";
			runOnlyForDeploymentPostprocessing = 0;
		};
/* End PBXCopyFilesBuildPhase section */

/* Begin PBXFileReference section */
		E249246321ECC90000DD3FCB /* KotlinIOS.app */ = {isa = PBXFileReference; explicitFileType = wrapper.application; includeInIndex = 0; path = KotlinIOS.app; sourceTree = BUILT_PRODUCTS_DIR; };
		E249246621ECC90000DD3FCB /* AppDelegate.swift */ = {isa = PBXFileReference; lastKnownFileType = sourcecode.swift; path = AppDelegate.swift; sourceTree = "<group>"; };
		E249246821ECC90000DD3FCB /* ViewController.swift */ = {isa = PBXFileReference; lastKnownFileType = sourcecode.swift; path = ViewController.swift; sourceTree = "<group>"; };
		E249246B21ECC90000DD3FCB /* Base */ = {isa = PBXFileReference; lastKnownFileType = file.storyboard; name = Base; path = Base.lproj/Main.storyboard; sourceTree = "<group>"; };
		E249246D21ECC90200DD3FCB /* Assets.xcassets */ = {isa = PBXFileReference; lastKnownFileType = folder.assetcatalog; path = Assets.xcassets; sourceTree = "<group>"; };
		E249247021ECC90200DD3FCB /* Base */ = {isa = PBXFileReference; lastKnownFileType = file.storyboard; name = Base; path = Base.lproj/LaunchScreen.storyboard; sourceTree = "<group>"; };
		E249247221ECC90200DD3FCB /* Info.plist */ = {isa = PBXFileReference; lastKnownFileType = text.plist.xml; path = Info.plist; sourceTree = "<group>"; };
		E249247721ECC90200DD3FCB /* KotlinIOSTests.xctest */ = {isa = PBXFileReference; explicitFileType = wrapper.cfbundle; includeInIndex = 0; path = KotlinIOSTests.xctest; sourceTree = BUILT_PRODUCTS_DIR; };
		E249247B21ECC90200DD3FCB /* KotlinIOSTests.swift */ = {isa = PBXFileReference; lastKnownFileType = sourcecode.swift; path = KotlinIOSTests.swift; sourceTree = "<group>"; };
		E249247D21ECC90200DD3FCB /* Info.plist */ = {isa = PBXFileReference; lastKnownFileType = text.plist.xml; path = Info.plist; sourceTree = "<group>"; };
		E249248221ECC90200DD3FCB /* KotlinIOSUITests.xctest */ = {isa = PBXFileReference; explicitFileType = wrapper.cfbundle; includeInIndex = 0; path = KotlinIOSUITests.xctest; sourceTree = BUILT_PRODUCTS_DIR; };
		E249248621ECC90200DD3FCB /* KotlinIOSUITests.swift */ = {isa = PBXFileReference; lastKnownFileType = sourcecode.swift; path = KotlinIOSUITests.swift; sourceTree = "<group>"; };
		E249248821ECC90200DD3FCB /* Info.plist */ = {isa = PBXFileReference; lastKnownFileType = text.plist.xml; path = Info.plist; sourceTree = "<group>"; };
		E249249A21ECD7AB00DD3FCB /* SharedCode.framework */ = {isa = PBXFileReference; lastKnownFileType = wrapper.framework; name = SharedCode.framework; path = "../SharedCode/build/xcode-frameworks/SharedCode.framework"; sourceTree = "<group>"; };
/* End PBXFileReference section */

/* Begin PBXFrameworksBuildPhase section */
		E249246021ECC90000DD3FCB /* Frameworks */ = {
			isa = PBXFrameworksBuildPhase;
			buildActionMask = 2147483647;
			files = (
				E249249B21ECD7AC00DD3FCB /* SharedCode.framework in Frameworks */,
			);
			runOnlyForDeploymentPostprocessing = 0;
		};
		E249247421ECC90200DD3FCB /* Frameworks */ = {
			isa = PBXFrameworksBuildPhase;
			buildActionMask = 2147483647;
			files = (
			);
			runOnlyForDeploymentPostprocessing = 0;
		};
		E249247F21ECC90200DD3FCB /* Frameworks */ = {
			isa = PBXFrameworksBuildPhase;
			buildActionMask = 2147483647;
			files = (
			);
			runOnlyForDeploymentPostprocessing = 0;
		};
/* End PBXFrameworksBuildPhase section */

/* Begin PBXGroup section */
		E249245A21ECC90000DD3FCB = {
			isa = PBXGroup;
			children = (
				E249249A21ECD7AB00DD3FCB /* SharedCode.framework */,
				E249246521ECC90000DD3FCB /* KotlinIOS */,
				E249247A21ECC90200DD3FCB /* KotlinIOSTests */,
				E249248521ECC90200DD3FCB /* KotlinIOSUITests */,
				E249246421ECC90000DD3FCB /* Products */,
			);
			sourceTree = "<group>";
		};
		E249246421ECC90000DD3FCB /* Products */ = {
			isa = PBXGroup;
			children = (
				E249246321ECC90000DD3FCB /* KotlinIOS.app */,
				E249247721ECC90200DD3FCB /* KotlinIOSTests.xctest */,
				E249248221ECC90200DD3FCB /* KotlinIOSUITests.xctest */,
			);
			name = Products;
			sourceTree = "<group>";
		};
		E249246521ECC90000DD3FCB /* KotlinIOS */ = {
			isa = PBXGroup;
			children = (
				E249246621ECC90000DD3FCB /* AppDelegate.swift */,
				E249246821ECC90000DD3FCB /* ViewController.swift */,
				E249246A21ECC90000DD3FCB /* Main.storyboard */,
				E249246D21ECC90200DD3FCB /* Assets.xcassets */,
				E249246F21ECC90200DD3FCB /* LaunchScreen.storyboard */,
				E249247221ECC90200DD3FCB /* Info.plist */,
			);
			path = KotlinIOS;
			sourceTree = "<group>";
		};
		E249247A21ECC90200DD3FCB /* KotlinIOSTests */ = {
			isa = PBXGroup;
			children = (
				E249247B21ECC90200DD3FCB /* KotlinIOSTests.swift */,
				E249247D21ECC90200DD3FCB /* Info.plist */,
			);
			path = KotlinIOSTests;
			sourceTree = "<group>";
		};
		E249248521ECC90200DD3FCB /* KotlinIOSUITests */ = {
			isa = PBXGroup;
			children = (
				E249248621ECC90200DD3FCB /* KotlinIOSUITests.swift */,
				E249248821ECC90200DD3FCB /* Info.plist */,
			);
			path = KotlinIOSUITests;
			sourceTree = "<group>";
		};
/* End PBXGroup section */

/* Begin PBXNativeTarget section */
		E249246221ECC90000DD3FCB /* KotlinIOS */ = {
			isa = PBXNativeTarget;
			buildConfigurationList = E249248B21ECC90200DD3FCB /* Build configuration list for PBXNativeTarget "KotlinIOS" */;
			buildPhases = (
				E249249921ECD69100DD3FCB /* ShellScript */,
				E249245F21ECC90000DD3FCB /* Sources */,
				E249246021ECC90000DD3FCB /* Frameworks */,
				E249246121ECC90000DD3FCB /* Resources */,
				E249249821ECD5A700DD3FCB /* Embed Frameworks */,
			);
			buildRules = (
			);
			dependencies = (
			);
			name = KotlinIOS;
			productName = KotlinIOS;
			productReference = E249246321ECC90000DD3FCB /* KotlinIOS.app */;
			productType = "com.apple.product-type.application";
		};
		E249247621ECC90200DD3FCB /* KotlinIOSTests */ = {
			isa = PBXNativeTarget;
			buildConfigurationList = E249248E21ECC90200DD3FCB /* Build configuration list for PBXNativeTarget "KotlinIOSTests" */;
			buildPhases = (
				E249247321ECC90200DD3FCB /* Sources */,
				E249247421ECC90200DD3FCB /* Frameworks */,
				E249247521ECC90200DD3FCB /* Resources */,
			);
			buildRules = (
			);
			dependencies = (
				E249247921ECC90200DD3FCB /* PBXTargetDependency */,
			);
			name = KotlinIOSTests;
			productName = KotlinIOSTests;
			productReference = E249247721ECC90200DD3FCB /* KotlinIOSTests.xctest */;
			productType = "com.apple.product-type.bundle.unit-test";
		};
		E249248121ECC90200DD3FCB /* KotlinIOSUITests */ = {
			isa = PBXNativeTarget;
			buildConfigurationList = E249249121ECC90200DD3FCB /* Build configuration list for PBXNativeTarget "KotlinIOSUITests" */;
			buildPhases = (
				E249247E21ECC90200DD3FCB /* Sources */,
				E249247F21ECC90200DD3FCB /* Frameworks */,
				E249248021ECC90200DD3FCB /* Resources */,
			);
			buildRules = (
			);
			dependencies = (
				E249248421ECC90200DD3FCB /* PBXTargetDependency */,
			);
			name = KotlinIOSUITests;
			productName = KotlinIOSUITests;
			productReference = E249248221ECC90200DD3FCB /* KotlinIOSUITests.xctest */;
			productType = "com.apple.product-type.bundle.ui-testing";
		};
/* End PBXNativeTarget section */

/* Begin PBXProject section */
		E249245B21ECC90000DD3FCB /* Project object */ = {
			isa = PBXProject;
			attributes = {
				LastSwiftUpdateCheck = 1010;
				LastUpgradeCheck = 1010;
				ORGANIZATIONNAME = Ahmed;
				TargetAttributes = {
					E249246221ECC90000DD3FCB = {
						CreatedOnToolsVersion = 10.1;
					};
					E249247621ECC90200DD3FCB = {
						CreatedOnToolsVersion = 10.1;
						TestTargetID = E249246221ECC90000DD3FCB;
					};
					E249248121ECC90200DD3FCB = {
						CreatedOnToolsVersion = 10.1;
						TestTargetID = E249246221ECC90000DD3FCB;
					};
				};
			};
			buildConfigurationList = E249245E21ECC90000DD3FCB /* Build configuration list for PBXProject "KotlinIOS" */;
			compatibilityVersion = "Xcode 9.3";
			developmentRegion = en;
			hasScannedForEncodings = 0;
			knownRegions = (
				en,
				Base,
			);
			mainGroup = E249245A21ECC90000DD3FCB;
			productRefGroup = E249246421ECC90000DD3FCB /* Products */;
			projectDirPath = "";
			projectRoot = "";
			targets = (
				E249246221ECC90000DD3FCB /* KotlinIOS */,
				E249247621ECC90200DD3FCB /* KotlinIOSTests */,
				E249248121ECC90200DD3FCB /* KotlinIOSUITests */,
			);
		};
/* End PBXProject section */

/* Begin PBXResourcesBuildPhase section */
		E249246121ECC90000DD3FCB /* Resources */ = {
			isa = PBXResourcesBuildPhase;
			buildActionMask = 2147483647;
			files = (
				E249247121ECC90200DD3FCB /* LaunchScreen.storyboard in Resources */,
				E249246E21ECC90200DD3FCB /* Assets.xcassets in Resources */,
				E249246C21ECC90000DD3FCB /* Main.storyboard in Resources */,
			);
			runOnlyForDeploymentPostprocessing = 0;
		};
		E249247521ECC90200DD3FCB /* Resources */ = {
			isa = PBXResourcesBuildPhase;
			buildActionMask = 2147483647;
			files = (
			);
			runOnlyForDeploymentPostprocessing = 0;
		};
		E249248021ECC90200DD3FCB /* Resources */ = {
			isa = PBXResourcesBuildPhase;
			buildActionMask = 2147483647;
			files = (
			);
			runOnlyForDeploymentPostprocessing = 0;
		};
/* End PBXResourcesBuildPhase section */

/* Begin PBXShellScriptBuildPhase section */
		E249249921ECD69100DD3FCB /* ShellScript */ = {
			isa = PBXShellScriptBuildPhase;
			buildActionMask = 2147483647;
			files = (
			);
			inputFileListPaths = (
			);
			inputPaths = (
			);
			outputFileListPaths = (
			);
			outputPaths = (
			);
			runOnlyForDeploymentPostprocessing = 0;
			shellPath = /bin/sh;
			shellScript = "cd \"$SRCROOT/../SharedCode/build/xcode-frameworks\"\n./gradlew :SharedCode:packForXCode -PXCODE_CONFIGURATION=${CONFIGURATION}\n";
		};
/* End PBXShellScriptBuildPhase section */

/* Begin PBXSourcesBuildPhase section */
		E249245F21ECC90000DD3FCB /* Sources */ = {
			isa = PBXSourcesBuildPhase;
			buildActionMask = 2147483647;
			files = (
				E249246921ECC90000DD3FCB /* ViewController.swift in Sources */,
				E249246721ECC90000DD3FCB /* AppDelegate.swift in Sources */,
			);
			runOnlyForDeploymentPostprocessing = 0;
		};
		E249247321ECC90200DD3FCB /* Sources */ = {
			isa = PBXSourcesBuildPhase;
			buildActionMask = 2147483647;
			files = (
				E249247C21ECC90200DD3FCB /* KotlinIOSTests.swift in Sources */,
			);
			runOnlyForDeploymentPostprocessing = 0;
		};
		E249247E21ECC90200DD3FCB /* Sources */ = {
			isa = PBXSourcesBuildPhase;
			buildActionMask = 2147483647;
			files = (
				E249248721ECC90200DD3FCB /* KotlinIOSUITests.swift in Sources */,
			);
			runOnlyForDeploymentPostprocessing = 0;
		};
/* End PBXSourcesBuildPhase section */

/* Begin PBXTargetDependency section */
		E249247921ECC90200DD3FCB /* PBXTargetDependency */ = {
			isa = PBXTargetDependency;
			target = E249246221ECC90000DD3FCB /* KotlinIOS */;
			targetProxy = E249247821ECC90200DD3FCB /* PBXContainerItemProxy */;
		};
		E249248421ECC90200DD3FCB /* PBXTargetDependency */ = {
			isa = PBXTargetDependency;
			target = E249246221ECC90000DD3FCB /* KotlinIOS */;
			targetProxy = E249248321ECC90200DD3FCB /* PBXContainerItemProxy */;
		};
/* End PBXTargetDependency section */

/* Begin PBXVariantGroup section */
		E249246A21ECC90000DD3FCB /* Main.storyboard */ = {
			isa = PBXVariantGroup;
			children = (
				E249246B21ECC90000DD3FCB /* Base */,
			);
			name = Main.storyboard;
			sourceTree = "<group>";
		};
		E249246F21ECC90200DD3FCB /* LaunchScreen.storyboard */ = {
			isa = PBXVariantGroup;
			children = (
				E249247021ECC90200DD3FCB /* Base */,
			);
			name = LaunchScreen.storyboard;
			sourceTree = "<group>";
		};
/* End PBXVariantGroup section */

/* Begin XCBuildConfiguration section */
		E249248921ECC90200DD3FCB /* Debug */ = {
			isa = XCBuildConfiguration;
			buildSettings = {
				ALWAYS_SEARCH_USER_PATHS = NO;
				CLANG_ANALYZER_NONNULL = YES;
				CLANG_ANALYZER_NUMBER_OBJECT_CONVERSION = YES_AGGRESSIVE;
				CLANG_CXX_LANGUAGE_STANDARD = "gnu++14";
				CLANG_CXX_LIBRARY = "libc++";
				CLANG_ENABLE_MODULES = YES;
				CLANG_ENABLE_OBJC_ARC = YES;
				CLANG_ENABLE_OBJC_WEAK = YES;
				CLANG_WARN_BLOCK_CAPTURE_AUTORELEASING = YES;
				CLANG_WARN_BOOL_CONVERSION = YES;
				CLANG_WARN_COMMA = YES;
				CLANG_WARN_CONSTANT_CONVERSION = YES;
				CLANG_WARN_DEPRECATED_OBJC_IMPLEMENTATIONS = YES;
				CLANG_WARN_DIRECT_OBJC_ISA_USAGE = YES_ERROR;
				CLANG_WARN_DOCUMENTATION_COMMENTS = YES;
				CLANG_WARN_EMPTY_BODY = YES;
				CLANG_WARN_ENUM_CONVERSION = YES;
				CLANG_WARN_INFINITE_RECURSION = YES;
				CLANG_WARN_INT_CONVERSION = YES;
				CLANG_WARN_NON_LITERAL_NULL_CONVERSION = YES;
				CLANG_WARN_OBJC_IMPLICIT_RETAIN_SELF = YES;
				CLANG_WARN_OBJC_LITERAL_CONVERSION = YES;
				CLANG_WARN_OBJC_ROOT_CLASS = YES_ERROR;
				CLANG_WARN_RANGE_LOOP_ANALYSIS = YES;
				CLANG_WARN_STRICT_PROTOTYPES = YES;
				CLANG_WARN_SUSPICIOUS_MOVE = YES;
				CLANG_WARN_UNGUARDED_AVAILABILITY = YES_AGGRESSIVE;
				CLANG_WARN_UNREACHABLE_CODE = YES;
				CLANG_WARN__DUPLICATE_METHOD_MATCH = YES;
				CODE_SIGN_IDENTITY = "iPhone Developer";
				COPY_PHASE_STRIP = NO;
				DEBUG_INFORMATION_FORMAT = dwarf;
				ENABLE_STRICT_OBJC_MSGSEND = YES;
				ENABLE_TESTABILITY = YES;
				GCC_C_LANGUAGE_STANDARD = gnu11;
				GCC_DYNAMIC_NO_PIC = NO;
				GCC_NO_COMMON_BLOCKS = YES;
				GCC_OPTIMIZATION_LEVEL = 0;
				GCC_PREPROCESSOR_DEFINITIONS = (
					"DEBUG=1",
					"$(inherited)",
				);
				GCC_WARN_64_TO_32_BIT_CONVERSION = YES;
				GCC_WARN_ABOUT_RETURN_TYPE = YES_ERROR;
				GCC_WARN_UNDECLARED_SELECTOR = YES;
				GCC_WARN_UNINITIALIZED_AUTOS = YES_AGGRESSIVE;
				GCC_WARN_UNUSED_FUNCTION = YES;
				GCC_WARN_UNUSED_VARIABLE = YES;
				IPHONEOS_DEPLOYMENT_TARGET = 12.1;
				MTL_ENABLE_DEBUG_INFO = INCLUDE_SOURCE;
				MTL_FAST_MATH = YES;
				ONLY_ACTIVE_ARCH = YES;
				SDKROOT = iphoneos;
				SWIFT_ACTIVE_COMPILATION_CONDITIONS = DEBUG;
				SWIFT_OPTIMIZATION_LEVEL = "-Onone";
			};
			name = Debug;
		};
		E249248A21ECC90200DD3FCB /* Release */ = {
			isa = XCBuildConfiguration;
			buildSettings = {
				ALWAYS_SEARCH_USER_PATHS = NO;
				CLANG_ANALYZER_NONNULL = YES;
				CLANG_ANALYZER_NUMBER_OBJECT_CONVERSION = YES_AGGRESSIVE;
				CLANG_CXX_LANGUAGE_STANDARD = "gnu++14";
				CLANG_CXX_LIBRARY = "libc++";
				CLANG_ENABLE_MODULES = YES;
				CLANG_ENABLE_OBJC_ARC = YES;
				CLANG_ENABLE_OBJC_WEAK = YES;
				CLANG_WARN_BLOCK_CAPTURE_AUTORELEASING = YES;
				CLANG_WARN_BOOL_CONVERSION = YES;
				CLANG_WARN_COMMA = YES;
				CLANG_WARN_CONSTANT_CONVERSION = YES;
				CLANG_WARN_DEPRECATED_OBJC_IMPLEMENTATIONS = YES;
				CLANG_WARN_DIRECT_OBJC_ISA_USAGE = YES_ERROR;
				CLANG_WARN_DOCUMENTATION_COMMENTS = YES;
				CLANG_WARN_EMPTY_BODY = YES;
				CLANG_WARN_ENUM_CONVERSION = YES;
				CLANG_WARN_INFINITE_RECURSION = YES;
				CLANG_WARN_INT_CONVERSION = YES;
				CLANG_WARN_NON_LITERAL_NULL_CONVERSION = YES;
				CLANG_WARN_OBJC_IMPLICIT_RETAIN_SELF = YES;
				CLANG_WARN_OBJC_LITERAL_CONVERSION = YES;
				CLANG_WARN_OBJC_ROOT_CLASS = YES_ERROR;
				CLANG_WARN_RANGE_LOOP_ANALYSIS = YES;
				CLANG_WARN_STRICT_PROTOTYPES = YES;
				CLANG_WARN_SUSPICIOUS_MOVE = YES;
				CLANG_WARN_UNGUARDED_AVAILABILITY = YES_AGGRESSIVE;
				CLANG_WARN_UNREACHABLE_CODE = YES;
				CLANG_WARN__DUPLICATE_METHOD_MATCH = YES;
				CODE_SIGN_IDENTITY = "iPhone Developer";
				COPY_PHASE_STRIP = NO;
				DEBUG_INFORMATION_FORMAT = "dwarf-with-dsym";
				ENABLE_NS_ASSERTIONS = NO;
				ENABLE_STRICT_OBJC_MSGSEND = YES;
				GCC_C_LANGUAGE_STANDARD = gnu11;
				GCC_NO_COMMON_BLOCKS = YES;
				GCC_WARN_64_TO_32_BIT_CONVERSION = YES;
				GCC_WARN_ABOUT_RETURN_TYPE = YES_ERROR;
				GCC_WARN_UNDECLARED_SELECTOR = YES;
				GCC_WARN_UNINITIALIZED_AUTOS = YES_AGGRESSIVE;
				GCC_WARN_UNUSED_FUNCTION = YES;
				GCC_WARN_UNUSED_VARIABLE = YES;
				IPHONEOS_DEPLOYMENT_TARGET = 12.1;
				MTL_ENABLE_DEBUG_INFO = NO;
				MTL_FAST_MATH = YES;
				SDKROOT = iphoneos;
				SWIFT_COMPILATION_MODE = wholemodule;
				SWIFT_OPTIMIZATION_LEVEL = "-O";
				VALIDATE_PRODUCT = YES;
			};
			name = Release;
		};
		E249248C21ECC90200DD3FCB /* Debug */ = {
			isa = XCBuildConfiguration;
			buildSettings = {
				ASSETCATALOG_COMPILER_APPICON_NAME = AppIcon;
				CODE_SIGN_STYLE = Automatic;
				ENABLE_BITCODE = NO;
				FRAMEWORK_SEARCH_PATHS = "$(SRCROOT)/../SharedCode/build/xcode-frameworks";
				INFOPLIST_FILE = KotlinIOS/Info.plist;
				LD_RUNPATH_SEARCH_PATHS = (
					"$(inherited)",
					"@executable_path/Frameworks",
				);
				PRODUCT_BUNDLE_IDENTIFIER = com.landoulsi.KotlinIOS;
				PRODUCT_NAME = "$(TARGET_NAME)";
				SWIFT_VERSION = 4.2;
				TARGETED_DEVICE_FAMILY = "1,2";
			};
			name = Debug;
		};
		E249248D21ECC90200DD3FCB /* Release */ = {
			isa = XCBuildConfiguration;
			buildSettings = {
				ASSETCATALOG_COMPILER_APPICON_NAME = AppIcon;
				CODE_SIGN_STYLE = Automatic;
				ENABLE_BITCODE = NO;
				FRAMEWORK_SEARCH_PATHS = "$(SRCROOT)/../SharedCode/build/xcode-frameworks";
				INFOPLIST_FILE = KotlinIOS/Info.plist;
				LD_RUNPATH_SEARCH_PATHS = (
					"$(inherited)",
					"@executable_path/Frameworks",
				);
				PRODUCT_BUNDLE_IDENTIFIER = com.landoulsi.KotlinIOS;
				PRODUCT_NAME = "$(TARGET_NAME)";
				SWIFT_VERSION = 4.2;
				TARGETED_DEVICE_FAMILY = "1,2";
			};
			name = Release;
		};
		E249248F21ECC90200DD3FCB /* Debug */ = {
			isa = XCBuildConfiguration;
			buildSettings = {
				ALWAYS_EMBED_SWIFT_STANDARD_LIBRARIES = YES;
				BUNDLE_LOADER = "$(TEST_HOST)";
				CODE_SIGN_STYLE = Automatic;
				INFOPLIST_FILE = KotlinIOSTests/Info.plist;
				LD_RUNPATH_SEARCH_PATHS = (
					"$(inherited)",
					"@executable_path/Frameworks",
					"@loader_path/Frameworks",
				);
				PRODUCT_BUNDLE_IDENTIFIER = com.landoulsi.KotlinIOSTests;
				PRODUCT_NAME = "$(TARGET_NAME)";
				SWIFT_VERSION = 4.2;
				TARGETED_DEVICE_FAMILY = "1,2";
				TEST_HOST = "$(BUILT_PRODUCTS_DIR)/KotlinIOS.app/KotlinIOS";
			};
			name = Debug;
		};
		E249249021ECC90200DD3FCB /* Release */ = {
			isa = XCBuildConfiguration;
			buildSettings = {
				ALWAYS_EMBED_SWIFT_STANDARD_LIBRARIES = YES;
				BUNDLE_LOADER = "$(TEST_HOST)";
				CODE_SIGN_STYLE = Automatic;
				INFOPLIST_FILE = KotlinIOSTests/Info.plist;
				LD_RUNPATH_SEARCH_PATHS = (
					"$(inherited)",
					"@executable_path/Frameworks",
					"@loader_path/Frameworks",
				);
				PRODUCT_BUNDLE_IDENTIFIER = com.landoulsi.KotlinIOSTests;
				PRODUCT_NAME = "$(TARGET_NAME)";
				SWIFT_VERSION = 4.2;
				TARGETED_DEVICE_FAMILY = "1,2";
				TEST_HOST = "$(BUILT_PRODUCTS_DIR)/KotlinIOS.app/KotlinIOS";
			};
			name = Release;
		};
		E249249221ECC90200DD3FCB /* Debug */ = {
			isa = XCBuildConfiguration;
			buildSettings = {
				ALWAYS_EMBED_SWIFT_STANDARD_LIBRARIES = YES;
				CODE_SIGN_STYLE = Automatic;
				INFOPLIST_FILE = KotlinIOSUITests/Info.plist;
				LD_RUNPATH_SEARCH_PATHS = (
					"$(inherited)",
					"@executable_path/Frameworks",
					"@loader_path/Frameworks",
				);
				PRODUCT_BUNDLE_IDENTIFIER = com.landoulsi.KotlinIOSUITests;
				PRODUCT_NAME = "$(TARGET_NAME)";
				SWIFT_VERSION = 4.2;
				TARGETED_DEVICE_FAMILY = "1,2";
				TEST_TARGET_NAME = KotlinIOS;
			};
			name = Debug;
		};
		E249249321ECC90200DD3FCB /* Release */ = {
			isa = XCBuildConfiguration;
			buildSettings = {
				ALWAYS_EMBED_SWIFT_STANDARD_LIBRARIES = YES;
				CODE_SIGN_STYLE = Automatic;
				INFOPLIST_FILE = KotlinIOSUITests/Info.plist;
				LD_RUNPATH_SEARCH_PATHS = (
					"$(inherited)",
					"@executable_path/Frameworks",
					"@loader_path/Frameworks",
				);
				PRODUCT_BUNDLE_IDENTIFIER = com.landoulsi.KotlinIOSUITests;
				PRODUCT_NAME = "$(TARGET_NAME)";
				SWIFT_VERSION = 4.2;
				TARGETED_DEVICE_FAMILY = "1,2";
				TEST_TARGET_NAME = KotlinIOS;
			};
			name = Release;
		};
/* End XCBuildConfiguration section */

/* Begin XCConfigurationList section */
		E249245E21ECC90000DD3FCB /* Build configuration list for PBXProject "KotlinIOS" */ = {
			isa = XCConfigurationList;
			buildConfigurations = (
				E249248921ECC90200DD3FCB /* Debug */,
				E249248A21ECC90200DD3FCB /* Release */,
			);
			defaultConfigurationIsVisible = 0;
			defaultConfigurationName = Release;
		};
		E249248B21ECC90200DD3FCB /* Build configuration list for PBXNativeTarget "KotlinIOS" */ = {
			isa = XCConfigurationList;
			buildConfigurations = (
				E249248C21ECC90200DD3FCB /* Debug */,
				E249248D21ECC90200DD3FCB /* Release */,
			);
			defaultConfigurationIsVisible = 0;
			defaultConfigurationName = Release;
		};
		E249248E21ECC90200DD3FCB /* Build configuration list for PBXNativeTarget "KotlinIOSTests" */ = {
			isa = XCConfigurationList;
			buildConfigurations = (
				E249248F21ECC90200DD3FCB /* Debug */,
				E249249021ECC90200DD3FCB /* Release */,
			);
			defaultConfigurationIsVisible = 0;
			defaultConfigurationName = Release;
		};
		E249249121ECC90200DD3FCB /* Build configuration list for PBXNativeTarget "KotlinIOSUITests" */ = {
			isa = XCConfigurationList;
			buildConfigurations = (
				E249249221ECC90200DD3FCB /* Debug */,
				E249249321ECC90200DD3FCB /* Release */,
			);
			defaultConfigurationIsVisible = 0;
			defaultConfigurationName = Release;
		};
/* End XCConfigurationList section */
	};
	rootObject = E249245B21ECC90000DD3FCB /* Project object */;
}
